
Microsoft Visual Studio Solution File, Format Version 12.00
# Visual Studio Version 17
VisualStudioVersion = 17.14.36414.22 d17.14
MinimumVisualStudioVersion = 10.0.40219.1
Project("{FAE04EC0-301F-11D3-BF4B-00C04F79EFBC}") = "inventory-purchase-order-web", "inventory-purchase-order-web.csproj", "{D98CDA34-BDCD-70C6-5747-314531F923F9}"
EndProject
Global
	GlobalSection(SolutionConfigurationPlatforms) = preSolution
		Debug|Any CPU = Debug|Any CPU
		Release|Any CPU = Release|Any CPU
	EndGlobalSection
	GlobalSection(ProjectConfigurationPlatforms) = postSolution
		{D98CDA34-BDCD-70C6-5747-314531F923F9}.Debug|Any CPU.ActiveCfg = Debug|Any CPU
		{D98CDA34-BDCD-70C6-5747-314531F923F9}.Debug|Any CPU.Build.0 = Debug|Any CPU
		{D98CDA34-BDCD-70C6-5747-314531F923F9}.Release|Any CPU.ActiveCfg = Release|Any CPU
		{D98CDA34-BDCD-70C6-5747-314531F923F9}.Release|Any CPU.Build.0 = Release|Any CPU
	EndGlobalSection
	GlobalSection(SolutionProperties) = preSolution
		HideSolutionNode = FALSE
	EndGlobalSection
	GlobalSection(ExtensibilityGlobals) = postSolution
		SolutionGuid = {D6A6721B-545E-431D-BBAD-3BB24779ADC7}
	EndGlobalSection
EndGlobal
